// !$*UTF8*$!
{
	archiveVersion = 1;
	classes = {
	};
	objectVersion = 46;
	objects = {

/* Begin PBXBuildFile section */
		1F1841C91F4585B400BC11E9 /* depth_device.cpp in Sources */ = {isa = PBXBuildFile; fileRef = 1F1841C71F4585B400BC11E9 /* depth_device.cpp */; };
		1F1841CC1F4594AC00BC11E9 /* depth_device_kinect_v2.cpp in Sources */ = {isa = PBXBuildFile; fileRef = 1F1841CA1F4594AC00BC11E9 /* depth_device_kinect_v2.cpp */; };
		1F1841CF1F45A8C100BC11E9 /* libfreenect2.0.2.0.dylib in Frameworks */ = {isa = PBXBuildFile; fileRef = 1F1841CE1F45A8C100BC11E9 /* libfreenect2.0.2.0.dylib */; };
		1F23E7CC1F44F91E00EEFDA2 /* primitive.cpp in Sources */ = {isa = PBXBuildFile; fileRef = 1F23E7CA1F44F91E00EEFDA2 /* primitive.cpp */; };
		1F23E7CF1F45056B00EEFDA2 /* primitive_cube.cpp in Sources */ = {isa = PBXBuildFile; fileRef = 1F23E7CD1F45056B00EEFDA2 /* primitive_cube.cpp */; };
		1F9D9D941F44EAF8009DD8AC /* main.cpp in Sources */ = {isa = PBXBuildFile; fileRef = 1F9D9D931F44EAF8009DD8AC /* main.cpp */; };
		1F9D9DA11F44ED96009DD8AC /* OpenGL.framework in Frameworks */ = {isa = PBXBuildFile; fileRef = 1F9D9DA01F44ED96009DD8AC /* OpenGL.framework */; };
		1F9D9DA31F44ED9D009DD8AC /* GLUT.framework in Frameworks */ = {isa = PBXBuildFile; fileRef = 1F9D9DA21F44ED9D009DD8AC /* GLUT.framework */; };
		1FBF70611F556F3C0042E789 /* shader.cpp in Sources */ = {isa = PBXBuildFile; fileRef = 1FBF705F1F556F3C0042E789 /* shader.cpp */; };
/* End PBXBuildFile section */

/* Begin PBXFileReference section */
		1F1841C71F4585B400BC11E9 /* depth_device.cpp */ = {isa = PBXFileReference; fileEncoding = 4; lastKnownFileType = sourcecode.cpp.cpp; path = depth_device.cpp; sourceTree = "<group>"; };
		1F1841C81F4585B400BC11E9 /* depth_device.hpp */ = {isa = PBXFileReference; fileEncoding = 4; lastKnownFileType = sourcecode.cpp.h; path = depth_device.hpp; sourceTree = "<group>"; };
		1F1841CA1F4594AC00BC11E9 /* depth_device_kinect_v2.cpp */ = {isa = PBXFileReference; fileEncoding = 4; lastKnownFileType = sourcecode.cpp.cpp; path = depth_device_kinect_v2.cpp; sourceTree = "<group>"; };
		1F1841CB1F4594AC00BC11E9 /* depth_device_kinect_v2.hpp */ = {isa = PBXFileReference; fileEncoding = 4; lastKnownFileType = sourcecode.cpp.h; path = depth_device_kinect_v2.hpp; sourceTree = "<group>"; };
		1F1841CD1F45A36000BC11E9 /* config.h */ = {isa = PBXFileReference; lastKnownFileType = sourcecode.c.h; name = config.h; path = ../config.h; sourceTree = "<group>"; };
		1F1841CE1F45A8C100BC11E9 /* libfreenect2.0.2.0.dylib */ = {isa = PBXFileReference; lastKnownFileType = "compiled.mach-o.dylib"; name = libfreenect2.0.2.0.dylib; path = ../../../libfreenect2/build/lib/libfreenect2.0.2.0.dylib; sourceTree = "<group>"; };
		1F23E7CA1F44F91E00EEFDA2 /* primitive.cpp */ = {isa = PBXFileReference; fileEncoding = 4; lastKnownFileType = sourcecode.cpp.cpp; path = primitive.cpp; sourceTree = "<group>"; };
		1F23E7CB1F44F91E00EEFDA2 /* primitive.hpp */ = {isa = PBXFileReference; fileEncoding = 4; lastKnownFileType = sourcecode.cpp.h; path = primitive.hpp; sourceTree = "<group>"; };
		1F23E7CD1F45056B00EEFDA2 /* primitive_cube.cpp */ = {isa = PBXFileReference; fileEncoding = 4; lastKnownFileType = sourcecode.cpp.cpp; path = primitive_cube.cpp; sourceTree = "<group>"; };
		1F23E7CE1F45056B00EEFDA2 /* primitive_cube.hpp */ = {isa = PBXFileReference; fileEncoding = 4; lastKnownFileType = sourcecode.cpp.h; path = primitive_cube.hpp; sourceTree = "<group>"; };
		1F9D9D901F44EAF8009DD8AC /* PointCloudViewer */ = {isa = PBXFileReference; explicitFileType = "compiled.mach-o.executable"; includeInIndex = 0; path = PointCloudViewer; sourceTree = BUILT_PRODUCTS_DIR; };
		1F9D9D931F44EAF8009DD8AC /* main.cpp */ = {isa = PBXFileReference; lastKnownFileType = sourcecode.cpp.cpp; path = main.cpp; sourceTree = "<group>"; };
		1F9D9DA01F44ED96009DD8AC /* OpenGL.framework */ = {isa = PBXFileReference; lastKnownFileType = wrapper.framework; name = OpenGL.framework; path = System/Library/Frameworks/OpenGL.framework; sourceTree = SDKROOT; };
		1F9D9DA21F44ED9D009DD8AC /* GLUT.framework */ = {isa = PBXFileReference; lastKnownFileType = wrapper.framework; name = GLUT.framework; path = System/Library/Frameworks/GLUT.framework; sourceTree = SDKROOT; };
		1FBF705F1F556F3C0042E789 /* shader.cpp */ = {isa = PBXFileReference; fileEncoding = 4; lastKnownFileType = sourcecode.cpp.cpp; path = shader.cpp; sourceTree = "<group>"; };
		1FBF70601F556F3C0042E789 /* shader.hpp */ = {isa = PBXFileReference; fileEncoding = 4; lastKnownFileType = sourcecode.cpp.h; path = shader.hpp; sourceTree = "<group>"; };
/* End PBXFileReference section */

/* Begin PBXFrameworksBuildPhase section */
		1F9D9D8E1F44EAF8009DD8AC /* Frameworks */ = {
			isa = PBXFrameworksBuildPhase;
			buildActionMask = 2147483647;
			files = (
				1F1841CF1F45A8C100BC11E9 /* libfreenect2.0.2.0.dylib in Frameworks */,
				1F9D9DA31F44ED9D009DD8AC /* GLUT.framework in Frameworks */,
				1F9D9DA11F44ED96009DD8AC /* OpenGL.framework in Frameworks */,
			);
			runOnlyForDeploymentPostprocessing = 0;
		};
/* End PBXFrameworksBuildPhase section */

/* Begin PBXGroup section */
		1F9D9D881F44EAF8009DD8AC = {
			isa = PBXGroup;
			children = (
				1F9D9D921F44EAF8009DD8AC /* PointCloudViewer */,
				1F9D9D911F44EAF8009DD8AC /* Products */,
				1F9D9D9F1F44ED95009DD8AC /* Frameworks */,
			);
			sourceTree = "<group>";
		};
		1F9D9D911F44EAF8009DD8AC /* Products */ = {
			isa = PBXGroup;
			children = (
				1F9D9D901F44EAF8009DD8AC /* PointCloudViewer */,
			);
			name = Products;
			sourceTree = "<group>";
		};
		1F9D9D921F44EAF8009DD8AC /* PointCloudViewer */ = {
			isa = PBXGroup;
			children = (
				1F1841CD1F45A36000BC11E9 /* config.h */,
				1F9D9D931F44EAF8009DD8AC /* main.cpp */,
				1F9D9D951F44EAF8009DD8AC /* Resources */,
				1F23E7CA1F44F91E00EEFDA2 /* primitive.cpp */,
				1F23E7CB1F44F91E00EEFDA2 /* primitive.hpp */,
				1F23E7CD1F45056B00EEFDA2 /* primitive_cube.cpp */,
				1F23E7CE1F45056B00EEFDA2 /* primitive_cube.hpp */,
				1F1841C71F4585B400BC11E9 /* depth_device.cpp */,
				1F1841C81F4585B400BC11E9 /* depth_device.hpp */,
				1F1841CA1F4594AC00BC11E9 /* depth_device_kinect_v2.cpp */,
				1F1841CB1F4594AC00BC11E9 /* depth_device_kinect_v2.hpp */,
				1FBF705F1F556F3C0042E789 /* shader.cpp */,
				1FBF70601F556F3C0042E789 /* shader.hpp */,
			);
			path = PointCloudViewer;
			sourceTree = "<group>";
		};
		1F9D9D951F44EAF8009DD8AC /* Resources */ = {
			isa = PBXGroup;
			children = (
			);
			name = Resources;
			sourceTree = "<group>";
		};
		1F9D9D9F1F44ED95009DD8AC /* Frameworks */ = {
			isa = PBXGroup;
			children = (
				1F1841CE1F45A8C100BC11E9 /* libfreenect2.0.2.0.dylib */,
				1F9D9DA21F44ED9D009DD8AC /* GLUT.framework */,
				1F9D9DA01F44ED96009DD8AC /* OpenGL.framework */,
			);
			name = Frameworks;
			sourceTree = "<group>";
		};
/* End PBXGroup section */

/* Begin PBXNativeTarget section */
		1F9D9D8F1F44EAF8009DD8AC /* PointCloudViewer */ = {
			isa = PBXNativeTarget;
			buildConfigurationList = 1F9D9D9C1F44EAF8009DD8AC /* Build configuration list for PBXNativeTarget "PointCloudViewer" */;
			buildPhases = (
				1F9D9D8D1F44EAF8009DD8AC /* Sources */,
				1F9D9D8E1F44EAF8009DD8AC /* Frameworks */,
			);
			buildRules = (
			);
			dependencies = (
			);
			name = PointCloudViewer;
			productName = PointCloudViewer;
			productReference = 1F9D9D901F44EAF8009DD8AC /* PointCloudViewer */;
			productType = "com.apple.product-type.tool";
		};
/* End PBXNativeTarget section */

/* Begin PBXProject section */
		1F9D9D891F44EAF8009DD8AC /* Project object */ = {
			isa = PBXProject;
			attributes = {
				LastUpgradeCheck = 0830;
				ORGANIZATIONNAME = "Marcel Ochsendorf";
				TargetAttributes = {
					1F9D9D8F1F44EAF8009DD8AC = {
						CreatedOnToolsVersion = 8.3.3;
						DevelopmentTeam = 7J69U3TZHX;
						ProvisioningStyle = Automatic;
					};
				};
			};
			buildConfigurationList = 1F9D9D8C1F44EAF8009DD8AC /* Build configuration list for PBXProject "PointCloudViewer" */;
			compatibilityVersion = "Xcode 3.2";
			developmentRegion = English;
			hasScannedForEncodings = 0;
			knownRegions = (
				en,
			);
			mainGroup = 1F9D9D881F44EAF8009DD8AC;
			productRefGroup = 1F9D9D911F44EAF8009DD8AC /* Products */;
			projectDirPath = "";
			projectRoot = "";
			targets = (
				1F9D9D8F1F44EAF8009DD8AC /* PointCloudViewer */,
			);
		};
/* End PBXProject section */

/* Begin PBXSourcesBuildPhase section */
		1F9D9D8D1F44EAF8009DD8AC /* Sources */ = {
			isa = PBXSourcesBuildPhase;
			buildActionMask = 2147483647;
			files = (
				1FBF70611F556F3C0042E789 /* shader.cpp in Sources */,
				1F9D9D941F44EAF8009DD8AC /* main.cpp in Sources */,
				1F1841CC1F4594AC00BC11E9 /* depth_device_kinect_v2.cpp in Sources */,
				1F1841C91F4585B400BC11E9 /* depth_device.cpp in Sources */,
				1F23E7CC1F44F91E00EEFDA2 /* primitive.cpp in Sources */,
				1F23E7CF1F45056B00EEFDA2 /* primitive_cube.cpp in Sources */,
			);
			runOnlyForDeploymentPostprocessing = 0;
		};
/* End PBXSourcesBuildPhase section */

/* Begin XCBuildConfiguration section */
		1F9D9D9A1F44EAF8009DD8AC /* Debug */ = {
			isa = XCBuildConfiguration;
			buildSettings = {
				ARCHS = "$(NATIVE_ARCH_ACTUAL)";
				CLANG_CXX_LANGUAGE_STANDARD = "c++0x";
				CLANG_CXX_LIBRARY = "libc++";
				FRAMEWORK_SEARCH_PATHS = (
					/Library/Frameworks/,
					"$(inherited)",
				);
				GCC_VERSION = com.apple.compilers.llvm.clang.1_0;
				HEADER_SEARCH_PATHS = (
					/usr/local/include/,
					"$(inherited)",
					/usr/local/include/libfreenect2/,
				);
				LIBRARY_SEARCH_PATHS = (
					/usr/local/lib/,
					"$(inherited)",
				);
				MACOSX_DEPLOYMENT_TARGET = 10.7;
				OTHER_LDFLAGS = (
					"$(inherited)",
					"$(SFML_SYSTEM)",
					"$(SFML_WINDOW)",
					"$(SFML_GRAPHICS)",
					"$(SFML_AUDIO)",
					"$(SFML_NETWORK)",
				);
				SFML_AUDIO = "$(SFML_LINK_PREFIX) sfml-audio$(SFML_LINK_SUFFIX)";
				SFML_BINARY_TYPE = FRAMEWORKS;
				SFML_GRAPHICS = "$(SFML_LINK_PREFIX) sfml-graphics$(SFML_LINK_SUFFIX)";
				SFML_LINK_DYLIBS_PREFIX = "-l";
				SFML_LINK_DYLIBS_SUFFIX = "";
				SFML_LINK_FRAMEWORKS_PREFIX = "-framework";
				SFML_LINK_FRAMEWORKS_SUFFIX = "";
				SFML_LINK_PREFIX = "$(SFML_LINK_$(SFML_BINARY_TYPE)_PREFIX)";
				SFML_LINK_SUFFIX = "$(SFML_LINK_$(SFML_BINARY_TYPE)_SUFFIX)";
				SFML_NETWORK = "$(SFML_LINK_PREFIX) sfml-network$(SFML_LINK_SUFFIX)";
				SFML_SYSTEM = "$(SFML_LINK_PREFIX) sfml-system$(SFML_LINK_SUFFIX)";
				SFML_WINDOW = "$(SFML_LINK_PREFIX) sfml-window$(SFML_LINK_SUFFIX)";
				SUPPORTED_PLATFORMS = macosx;
			};
			name = Debug;
		};
		1F9D9D9B1F44EAF8009DD8AC /* Release */ = {
			isa = XCBuildConfiguration;
			buildSettings = {
				ARCHS = "$(NATIVE_ARCH_ACTUAL)";
				CLANG_CXX_LANGUAGE_STANDARD = "c++0x";
				CLANG_CXX_LIBRARY = "libc++";
				FRAMEWORK_SEARCH_PATHS = (
					/Library/Frameworks/,
					"$(inherited)",
				);
				GCC_VERSION = com.apple.compilers.llvm.clang.1_0;
				HEADER_SEARCH_PATHS = (
					/usr/local/include/,
					"$(inherited)",
					/usr/local/include/libfreenect2/,
				);
				LIBRARY_SEARCH_PATHS = (
					/usr/local/lib/,
					"$(inherited)",
				);
				MACOSX_DEPLOYMENT_TARGET = 10.7;
				OTHER_LDFLAGS = (
					"$(inherited)",
					"$(SFML_SYSTEM)",
					"$(SFML_WINDOW)",
					"$(SFML_GRAPHICS)",
					"$(SFML_AUDIO)",
					"$(SFML_NETWORK)",
				);
				SFML_AUDIO = "$(SFML_LINK_PREFIX) sfml-audio$(SFML_LINK_SUFFIX)";
				SFML_BINARY_TYPE = FRAMEWORKS;
				SFML_GRAPHICS = "$(SFML_LINK_PREFIX) sfml-graphics$(SFML_LINK_SUFFIX)";
				SFML_LINK_DYLIBS_PREFIX = "-l";
				SFML_LINK_DYLIBS_SUFFIX = "";
				SFML_LINK_FRAMEWORKS_PREFIX = "-framework";
				SFML_LINK_FRAMEWORKS_SUFFIX = "";
				SFML_LINK_PREFIX = "$(SFML_LINK_$(SFML_BINARY_TYPE)_PREFIX)";
				SFML_LINK_SUFFIX = "$(SFML_LINK_$(SFML_BINARY_TYPE)_SUFFIX)";
				SFML_NETWORK = "$(SFML_LINK_PREFIX) sfml-network$(SFML_LINK_SUFFIX)";
				SFML_SYSTEM = "$(SFML_LINK_PREFIX) sfml-system$(SFML_LINK_SUFFIX)";
				SFML_WINDOW = "$(SFML_LINK_PREFIX) sfml-window$(SFML_LINK_SUFFIX)";
				SUPPORTED_PLATFORMS = macosx;
			};
			name = Release;
		};
		1F9D9D9D1F44EAF8009DD8AC /* Debug */ = {
			isa = XCBuildConfiguration;
			buildSettings = {
				DEVELOPMENT_TEAM = 7J69U3TZHX;
				PRODUCT_NAME = "$(TARGET_NAME)";
			};
			name = Debug;
		};
		1F9D9D9E1F44EAF8009DD8AC /* Release */ = {
			isa = XCBuildConfiguration;
			buildSettings = {
				DEVELOPMENT_TEAM = 7J69U3TZHX;
				PRODUCT_NAME = "$(TARGET_NAME)";
			};
			name = Release;
		};
/* End XCBuildConfiguration section */

/* Begin XCConfigurationList section */
		1F9D9D8C1F44EAF8009DD8AC /* Build configuration list for PBXProject "PointCloudViewer" */ = {
			isa = XCConfigurationList;
			buildConfigurations = (
				1F9D9D9A1F44EAF8009DD8AC /* Debug */,
				1F9D9D9B1F44EAF8009DD8AC /* Release */,
			);
			defaultConfigurationIsVisible = 0;
			defaultConfigurationName = Release;
		};
		1F9D9D9C1F44EAF8009DD8AC /* Build configuration list for PBXNativeTarget "PointCloudViewer" */ = {
			isa = XCConfigurationList;
			buildConfigurations = (
				1F9D9D9D1F44EAF8009DD8AC /* Debug */,
				1F9D9D9E1F44EAF8009DD8AC /* Release */,
			);
			defaultConfigurationIsVisible = 0;
			defaultConfigurationName = Release;
		};
/* End XCConfigurationList section */
	};
	rootObject = 1F9D9D891F44EAF8009DD8AC /* Project object */;
}
